
Microsoft Visual Studio Solution File, Format Version 12.00
# Visual Studio Version 17
VisualStudioVersion = 17.1.32421.90
MinimumVisualStudioVersion = 10.0.40219.1
Project("{FAE04EC0-301F-11D3-BF4B-00C04F79EFBC}") = "JDcaja", "JDcaja\JDcaja.csproj", "{5001449A-E344-4CAA-8FFC-0AB5AFE24347}"
EndProject
Global
	GlobalSection(SolutionConfigurationPlatforms) = preSolution
		Debug|Any CPU = Debug|Any CPU
		Release|Any CPU = Release|Any CPU
	EndGlobalSection
	GlobalSection(ProjectConfigurationPlatforms) = postSolution
		{5001449A-E344-4CAA-8FFC-0AB5AFE24347}.Debug|Any CPU.ActiveCfg = Debug|Any CPU
		{5001449A-E344-4CAA-8FFC-0AB5AFE24347}.Debug|Any CPU.Build.0 = Debug|Any CPU
		{5001449A-E344-4CAA-8FFC-0AB5AFE24347}.Release|Any CPU.ActiveCfg = Release|Any CPU
		{5001449A-E344-4CAA-8FFC-0AB5AFE24347}.Release|Any CPU.Build.0 = Release|Any CPU
	EndGlobalSection
	GlobalSection(SolutionProperties) = preSolution
		HideSolutionNode = FALSE
	EndGlobalSection
	GlobalSection(ExtensibilityGlobals) = postSolution
		SolutionGuid = {6DE6F59F-6995-4109-A73C-09514E4368B0}
	EndGlobalSection
EndGlobal
